// !$*UTF8*$!
{
	archiveVersion = 1;
	classes = {
	};
	objectVersion = 50;
	objects = {

/* Begin PBXBuildFile section */
		3544ED20256F11E20098E192 /* AppDelegate.swift in Sources */ = {isa = PBXBuildFile; fileRef = 3544ED1F256F11E20098E192 /* AppDelegate.swift */; };
		3544ED22256F11E20098E192 /* ViewController.swift in Sources */ = {isa = PBXBuildFile; fileRef = 3544ED21256F11E20098E192 /* ViewController.swift */; };
		3544ED24256F11E50098E192 /* Assets.xcassets in Resources */ = {isa = PBXBuildFile; fileRef = 3544ED23256F11E50098E192 /* Assets.xcassets */; };
		3544ED27256F11E50098E192 /* Main.storyboard in Resources */ = {isa = PBXBuildFile; fileRef = 3544ED25256F11E50098E192 /* Main.storyboard */; };
		3544ED33256F11E60098E192 /* WorkPadTemplateTests.swift in Sources */ = {isa = PBXBuildFile; fileRef = 3544ED32256F11E60098E192 /* WorkPadTemplateTests.swift */; };
		3544ED3E256F11E60098E192 /* WorkPadTemplateUITests.swift in Sources */ = {isa = PBXBuildFile; fileRef = 3544ED3D256F11E60098E192 /* WorkPadTemplateUITests.swift */; };
/* End PBXBuildFile section */

/* Begin PBXContainerItemProxy section */
		3544ED2F256F11E60098E192 /* PBXContainerItemProxy */ = {
			isa = PBXContainerItemProxy;
			containerPortal = 3544ED14256F11E20098E192 /* Project object */;
			proxyType = 1;
			remoteGlobalIDString = 3544ED1B256F11E20098E192;
			remoteInfo = WorkPadTemplate;
		};
		3544ED3A256F11E60098E192 /* PBXContainerItemProxy */ = {
			isa = PBXContainerItemProxy;
			containerPortal = 3544ED14256F11E20098E192 /* Project object */;
			proxyType = 1;
			remoteGlobalIDString = 3544ED1B256F11E20098E192;
			remoteInfo = WorkPadTemplate;
		};
/* End PBXContainerItemProxy section */

/* Begin PBXFileReference section */
		3544ED1C256F11E20098E192 /* WorkPadTemplate.app */ = {isa = PBXFileReference; explicitFileType = wrapper.application; includeInIndex = 0; path = WorkPadTemplate.app; sourceTree = BUILT_PRODUCTS_DIR; };
		3544ED1F256F11E20098E192 /* AppDelegate.swift */ = {isa = PBXFileReference; lastKnownFileType = sourcecode.swift; path = AppDelegate.swift; sourceTree = "<group>"; };
		3544ED21256F11E20098E192 /* ViewController.swift */ = {isa = PBXFileReference; lastKnownFileType = sourcecode.swift; path = ViewController.swift; sourceTree = "<group>"; };
		3544ED23256F11E50098E192 /* Assets.xcassets */ = {isa = PBXFileReference; lastKnownFileType = folder.assetcatalog; path = Assets.xcassets; sourceTree = "<group>"; };
		3544ED26256F11E50098E192 /* Base */ = {isa = PBXFileReference; lastKnownFileType = file.storyboard; name = Base; path = Base.lproj/Main.storyboard; sourceTree = "<group>"; };
		3544ED28256F11E50098E192 /* Info.plist */ = {isa = PBXFileReference; lastKnownFileType = text.plist.xml; path = Info.plist; sourceTree = "<group>"; };
		3544ED29256F11E50098E192 /* WorkPadTemplate.entitlements */ = {isa = PBXFileReference; lastKnownFileType = text.plist.entitlements; path = WorkPadTemplate.entitlements; sourceTree = "<group>"; };
		3544ED2E256F11E60098E192 /* WorkPadTemplateTests.xctest */ = {isa = PBXFileReference; explicitFileType = wrapper.cfbundle; includeInIndex = 0; path = WorkPadTemplateTests.xctest; sourceTree = BUILT_PRODUCTS_DIR; };
		3544ED32256F11E60098E192 /* WorkPadTemplateTests.swift */ = {isa = PBXFileReference; lastKnownFileType = sourcecode.swift; path = WorkPadTemplateTests.swift; sourceTree = "<group>"; };
		3544ED34256F11E60098E192 /* Info.plist */ = {isa = PBXFileReference; lastKnownFileType = text.plist.xml; path = Info.plist; sourceTree = "<group>"; };
		3544ED39256F11E60098E192 /* WorkPadTemplateUITests.xctest */ = {isa = PBXFileReference; explicitFileType = wrapper.cfbundle; includeInIndex = 0; path = WorkPadTemplateUITests.xctest; sourceTree = BUILT_PRODUCTS_DIR; };
		3544ED3D256F11E60098E192 /* WorkPadTemplateUITests.swift */ = {isa = PBXFileReference; lastKnownFileType = sourcecode.swift; path = WorkPadTemplateUITests.swift; sourceTree = "<group>"; };
		3544ED3F256F11E60098E192 /* Info.plist */ = {isa = PBXFileReference; lastKnownFileType = text.plist.xml; path = Info.plist; sourceTree = "<group>"; };
/* End PBXFileReference section */

/* Begin PBXFrameworksBuildPhase section */
		3544ED19256F11E20098E192 /* Frameworks */ = {
			isa = PBXFrameworksBuildPhase;
			buildActionMask = 2147483647;
			files = (
			);
			runOnlyForDeploymentPostprocessing = 0;
		};
		3544ED2B256F11E60098E192 /* Frameworks */ = {
			isa = PBXFrameworksBuildPhase;
			buildActionMask = 2147483647;
			files = (
			);
			runOnlyForDeploymentPostprocessing = 0;
		};
		3544ED36256F11E60098E192 /* Frameworks */ = {
			isa = PBXFrameworksBuildPhase;
			buildActionMask = 2147483647;
			files = (
			);
			runOnlyForDeploymentPostprocessing = 0;
		};
/* End PBXFrameworksBuildPhase section */

/* Begin PBXGroup section */
		3544ED13256F11E20098E192 = {
			isa = PBXGroup;
			children = (
				3544ED1E256F11E20098E192 /* WorkPadTemplate */,
				3544ED31256F11E60098E192 /* WorkPadTemplateTests */,
				3544ED3C256F11E60098E192 /* WorkPadTemplateUITests */,
				3544ED1D256F11E20098E192 /* Products */,
			);
			sourceTree = "<group>";
		};
		3544ED1D256F11E20098E192 /* Products */ = {
			isa = PBXGroup;
			children = (
				3544ED1C256F11E20098E192 /* WorkPadTemplate.app */,
				3544ED2E256F11E60098E192 /* WorkPadTemplateTests.xctest */,
				3544ED39256F11E60098E192 /* WorkPadTemplateUITests.xctest */,
			);
			name = Products;
			sourceTree = "<group>";
		};
		3544ED1E256F11E20098E192 /* WorkPadTemplate */ = {
			isa = PBXGroup;
			children = (
				3544ED1F256F11E20098E192 /* AppDelegate.swift */,
				3544ED21256F11E20098E192 /* ViewController.swift */,
				3544ED23256F11E50098E192 /* Assets.xcassets */,
				3544ED25256F11E50098E192 /* Main.storyboard */,
				3544ED28256F11E50098E192 /* Info.plist */,
				3544ED29256F11E50098E192 /* WorkPadTemplate.entitlements */,
			);
			path = WorkPadTemplate;
			sourceTree = "<group>";
		};
		3544ED31256F11E60098E192 /* WorkPadTemplateTests */ = {
			isa = PBXGroup;
			children = (
				3544ED32256F11E60098E192 /* WorkPadTemplateTests.swift */,
				3544ED34256F11E60098E192 /* Info.plist */,
			);
			path = WorkPadTemplateTests;
			sourceTree = "<group>";
		};
		3544ED3C256F11E60098E192 /* WorkPadTemplateUITests */ = {
			isa = PBXGroup;
			children = (
				3544ED3D256F11E60098E192 /* WorkPadTemplateUITests.swift */,
				3544ED3F256F11E60098E192 /* Info.plist */,
			);
			path = WorkPadTemplateUITests;
			sourceTree = "<group>";
		};
/* End PBXGroup section */

/* Begin PBXNativeTarget section */
		3544ED1B256F11E20098E192 /* WorkPadTemplate */ = {
			isa = PBXNativeTarget;
			buildConfigurationList = 3544ED42256F11E60098E192 /* Build configuration list for PBXNativeTarget "WorkPadTemplate" */;
			buildPhases = (
				3544ED18256F11E20098E192 /* Sources */,
				3544ED19256F11E20098E192 /* Frameworks */,
				3544ED1A256F11E20098E192 /* Resources */,
			);
			buildRules = (
			);
			dependencies = (
			);
			name = WorkPadTemplate;
			productName = WorkPadTemplate;
			productReference = 3544ED1C256F11E20098E192 /* WorkPadTemplate.app */;
			productType = "com.apple.product-type.application";
		};
		3544ED2D256F11E60098E192 /* WorkPadTemplateTests */ = {
			isa = PBXNativeTarget;
			buildConfigurationList = 3544ED45256F11E60098E192 /* Build configuration list for PBXNativeTarget "WorkPadTemplateTests" */;
			buildPhases = (
				3544ED2A256F11E60098E192 /* Sources */,
				3544ED2B256F11E60098E192 /* Frameworks */,
				3544ED2C256F11E60098E192 /* Resources */,
			);
			buildRules = (
			);
			dependencies = (
				3544ED30256F11E60098E192 /* PBXTargetDependency */,
			);
			name = WorkPadTemplateTests;
			productName = WorkPadTemplateTests;
			productReference = 3544ED2E256F11E60098E192 /* WorkPadTemplateTests.xctest */;
			productType = "com.apple.product-type.bundle.unit-test";
		};
		3544ED38256F11E60098E192 /* WorkPadTemplateUITests */ = {
			isa = PBXNativeTarget;
			buildConfigurationList = 3544ED48256F11E60098E192 /* Build configuration list for PBXNativeTarget "WorkPadTemplateUITests" */;
			buildPhases = (
				3544ED35256F11E60098E192 /* Sources */,
				3544ED36256F11E60098E192 /* Frameworks */,
				3544ED37256F11E60098E192 /* Resources */,
			);
			buildRules = (
			);
			dependencies = (
				3544ED3B256F11E60098E192 /* PBXTargetDependency */,
			);
			name = WorkPadTemplateUITests;
			productName = WorkPadTemplateUITests;
			productReference = 3544ED39256F11E60098E192 /* WorkPadTemplateUITests.xctest */;
			productType = "com.apple.product-type.bundle.ui-testing";
		};
/* End PBXNativeTarget section */

/* Begin PBXProject section */
		3544ED14256F11E20098E192 /* Project object */ = {
			isa = PBXProject;
			attributes = {
				LastSwiftUpdateCheck = 1220;
				LastUpgradeCheck = 1220;
				TargetAttributes = {
					3544ED1B256F11E20098E192 = {
						CreatedOnToolsVersion = 12.2;
					};
					3544ED2D256F11E60098E192 = {
						CreatedOnToolsVersion = 12.2;
						TestTargetID = 3544ED1B256F11E20098E192;
					};
					3544ED38256F11E60098E192 = {
						CreatedOnToolsVersion = 12.2;
						TestTargetID = 3544ED1B256F11E20098E192;
					};
				};
			};
			buildConfigurationList = 3544ED17256F11E20098E192 /* Build configuration list for PBXProject "WorkPadTemplate" */;
			compatibilityVersion = "Xcode 9.3";
			developmentRegion = en;
			hasScannedForEncodings = 0;
			knownRegions = (
				en,
				Base,
			);
			mainGroup = 3544ED13256F11E20098E192;
			productRefGroup = 3544ED1D256F11E20098E192 /* Products */;
			projectDirPath = "";
			projectRoot = "";
			targets = (
				3544ED1B256F11E20098E192 /* WorkPadTemplate */,
				3544ED2D256F11E60098E192 /* WorkPadTemplateTests */,
				3544ED38256F11E60098E192 /* WorkPadTemplateUITests */,
			);
		};
/* End PBXProject section */

/* Begin PBXResourcesBuildPhase section */
		3544ED1A256F11E20098E192 /* Resources */ = {
			isa = PBXResourcesBuildPhase;
			buildActionMask = 2147483647;
			files = (
				3544ED24256F11E50098E192 /* Assets.xcassets in Resources */,
				3544ED27256F11E50098E192 /* Main.storyboard in Resources */,
			);
			runOnlyForDeploymentPostprocessing = 0;
		};
		3544ED2C256F11E60098E192 /* Resources */ = {
			isa = PBXResourcesBuildPhase;
			buildActionMask = 2147483647;
			files = (
			);
			runOnlyForDeploymentPostprocessing = 0;
		};
		3544ED37256F11E60098E192 /* Resources */ = {
			isa = PBXResourcesBuildPhase;
			buildActionMask = 2147483647;
			files = (
			);
			runOnlyForDeploymentPostprocessing = 0;
		};
/* End PBXResourcesBuildPhase section */

/* Begin PBXSourcesBuildPhase section */
		3544ED18256F11E20098E192 /* Sources */ = {
			isa = PBXSourcesBuildPhase;
			buildActionMask = 2147483647;
			files = (
				3544ED22256F11E20098E192 /* ViewController.swift in Sources */,
				3544ED20256F11E20098E192 /* AppDelegate.swift in Sources */,
			);
			runOnlyForDeploymentPostprocessing = 0;
		};
		3544ED2A256F11E60098E192 /* Sources */ = {
			isa = PBXSourcesBuildPhase;
			buildActionMask = 2147483647;
			files = (
				3544ED33256F11E60098E192 /* WorkPadTemplateTests.swift in Sources */,
			);
			runOnlyForDeploymentPostprocessing = 0;
		};
		3544ED35256F11E60098E192 /* Sources */ = {
			isa = PBXSourcesBuildPhase;
			buildActionMask = 2147483647;
			files = (
				3544ED3E256F11E60098E192 /* WorkPadTemplateUITests.swift in Sources */,
			);
			runOnlyForDeploymentPostprocessing = 0;
		};
/* End PBXSourcesBuildPhase section */

/* Begin PBXTargetDependency section */
		3544ED30256F11E60098E192 /* PBXTargetDependency */ = {
			isa = PBXTargetDependency;
			target = 3544ED1B256F11E20098E192 /* WorkPadTemplate */;
			targetProxy = 3544ED2F256F11E60098E192 /* PBXContainerItemProxy */;
		};
		3544ED3B256F11E60098E192 /* PBXTargetDependency */ = {
			isa = PBXTargetDependency;
			target = 3544ED1B256F11E20098E192 /* WorkPadTemplate */;
			targetProxy = 3544ED3A256F11E60098E192 /* PBXContainerItemProxy */;
		};
/* End PBXTargetDependency section */

/* Begin PBXVariantGroup section */
		3544ED25256F11E50098E192 /* Main.storyboard */ = {
			isa = PBXVariantGroup;
			children = (
				3544ED26256F11E50098E192 /* Base */,
			);
			name = Main.storyboard;
			sourceTree = "<group>";
		};
/* End PBXVariantGroup section */

/* Begin XCBuildConfiguration section */
		3544ED40256F11E60098E192 /* Debug */ = {
			isa = XCBuildConfiguration;
			buildSettings = {
				ALWAYS_SEARCH_USER_PATHS = NO;
				CLANG_ANALYZER_NONNULL = YES;
				CLANG_ANALYZER_NUMBER_OBJECT_CONVERSION = YES_AGGRESSIVE;
				CLANG_CXX_LANGUAGE_STANDARD = "gnu++14";
				CLANG_CXX_LIBRARY = "libc++";
				CLANG_ENABLE_MODULES = YES;
				CLANG_ENABLE_OBJC_ARC = YES;
				CLANG_ENABLE_OBJC_WEAK = YES;
				CLANG_WARN_BLOCK_CAPTURE_AUTORELEASING = YES;
				CLANG_WARN_BOOL_CONVERSION = YES;
				CLANG_WARN_COMMA = YES;
				CLANG_WARN_CONSTANT_CONVERSION = YES;
				CLANG_WARN_DEPRECATED_OBJC_IMPLEMENTATIONS = YES;
				CLANG_WARN_DIRECT_OBJC_ISA_USAGE = YES_ERROR;
				CLANG_WARN_DOCUMENTATION_COMMENTS = YES;
				CLANG_WARN_EMPTY_BODY = YES;
				CLANG_WARN_ENUM_CONVERSION = YES;
				CLANG_WARN_INFINITE_RECURSION = YES;
				CLANG_WARN_INT_CONVERSION = YES;
				CLANG_WARN_NON_LITERAL_NULL_CONVERSION = YES;
				CLANG_WARN_OBJC_IMPLICIT_RETAIN_SELF = YES;
				CLANG_WARN_OBJC_LITERAL_CONVERSION = YES;
				CLANG_WARN_OBJC_ROOT_CLASS = YES_ERROR;
				CLANG_WARN_QUOTED_INCLUDE_IN_FRAMEWORK_HEADER = YES;
				CLANG_WARN_RANGE_LOOP_ANALYSIS = YES;
				CLANG_WARN_STRICT_PROTOTYPES = YES;
				CLANG_WARN_SUSPICIOUS_MOVE = YES;
				CLANG_WARN_UNGUARDED_AVAILABILITY = YES_AGGRESSIVE;
				CLANG_WARN_UNREACHABLE_CODE = YES;
				CLANG_WARN__DUPLICATE_METHOD_MATCH = YES;
				COPY_PHASE_STRIP = NO;
				DEBUG_INFORMATION_FORMAT = dwarf;
				ENABLE_STRICT_OBJC_MSGSEND = YES;
				ENABLE_TESTABILITY = YES;
				GCC_C_LANGUAGE_STANDARD = gnu11;
				GCC_DYNAMIC_NO_PIC = NO;
				GCC_NO_COMMON_BLOCKS = YES;
				GCC_OPTIMIZATION_LEVEL = 0;
				GCC_PREPROCESSOR_DEFINITIONS = (
					"DEBUG=1",
					"$(inherited)",
				);
				GCC_WARN_64_TO_32_BIT_CONVERSION = YES;
				GCC_WARN_ABOUT_RETURN_TYPE = YES_ERROR;
				GCC_WARN_UNDECLARED_SELECTOR = YES;
				GCC_WARN_UNINITIALIZED_AUTOS = YES_AGGRESSIVE;
				GCC_WARN_UNUSED_FUNCTION = YES;
				GCC_WARN_UNUSED_VARIABLE = YES;
				MACOSX_DEPLOYMENT_TARGET = 11.0;
				MTL_ENABLE_DEBUG_INFO = INCLUDE_SOURCE;
				MTL_FAST_MATH = YES;
				ONLY_ACTIVE_ARCH = YES;
				SDKROOT = macosx;
				SWIFT_ACTIVE_COMPILATION_CONDITIONS = DEBUG;
				SWIFT_OPTIMIZATION_LEVEL = "-Onone";
			};
			name = Debug;
		};
		3544ED41256F11E60098E192 /* Release */ = {
			isa = XCBuildConfiguration;
			buildSettings = {
				ALWAYS_SEARCH_USER_PATHS = NO;
				CLANG_ANALYZER_NONNULL = YES;
				CLANG_ANALYZER_NUMBER_OBJECT_CONVERSION = YES_AGGRESSIVE;
				CLANG_CXX_LANGUAGE_STANDARD = "gnu++14";
				CLANG_CXX_LIBRARY = "libc++";
				CLANG_ENABLE_MODULES = YES;
				CLANG_ENABLE_OBJC_ARC = YES;
				CLANG_ENABLE_OBJC_WEAK = YES;
				CLANG_WARN_BLOCK_CAPTURE_AUTORELEASING = YES;
				CLANG_WARN_BOOL_CONVERSION = YES;
				CLANG_WARN_COMMA = YES;
				CLANG_WARN_CONSTANT_CONVERSION = YES;
				CLANG_WARN_DEPRECATED_OBJC_IMPLEMENTATIONS = YES;
				CLANG_WARN_DIRECT_OBJC_ISA_USAGE = YES_ERROR;
				CLANG_WARN_DOCUMENTATION_COMMENTS = YES;
				CLANG_WARN_EMPTY_BODY = YES;
				CLANG_WARN_ENUM_CONVERSION = YES;
				CLANG_WARN_INFINITE_RECURSION = YES;
				CLANG_WARN_INT_CONVERSION = YES;
				CLANG_WARN_NON_LITERAL_NULL_CONVERSION = YES;
				CLANG_WARN_OBJC_IMPLICIT_RETAIN_SELF = YES;
				CLANG_WARN_OBJC_LITERAL_CONVERSION = YES;
				CLANG_WARN_OBJC_ROOT_CLASS = YES_ERROR;
				CLANG_WARN_QUOTED_INCLUDE_IN_FRAMEWORK_HEADER = YES;
				CLANG_WARN_RANGE_LOOP_ANALYSIS = YES;
				CLANG_WARN_STRICT_PROTOTYPES = YES;
				CLANG_WARN_SUSPICIOUS_MOVE = YES;
				CLANG_WARN_UNGUARDED_AVAILABILITY = YES_AGGRESSIVE;
				CLANG_WARN_UNREACHABLE_CODE = YES;
				CLANG_WARN__DUPLICATE_METHOD_MATCH = YES;
				COPY_PHASE_STRIP = NO;
				DEBUG_INFORMATION_FORMAT = "dwarf-with-dsym";
				ENABLE_NS_ASSERTIONS = NO;
				ENABLE_STRICT_OBJC_MSGSEND = YES;
				GCC_C_LANGUAGE_STANDARD = gnu11;
				GCC_NO_COMMON_BLOCKS = YES;
				GCC_WARN_64_TO_32_BIT_CONVERSION = YES;
				GCC_WARN_ABOUT_RETURN_TYPE = YES_ERROR;
				GCC_WARN_UNDECLARED_SELECTOR = YES;
				GCC_WARN_UNINITIALIZED_AUTOS = YES_AGGRESSIVE;
				GCC_WARN_UNUSED_FUNCTION = YES;
				GCC_WARN_UNUSED_VARIABLE = YES;
				MACOSX_DEPLOYMENT_TARGET = 11.0;
				MTL_ENABLE_DEBUG_INFO = NO;
				MTL_FAST_MATH = YES;
				SDKROOT = macosx;
				SWIFT_COMPILATION_MODE = wholemodule;
				SWIFT_OPTIMIZATION_LEVEL = "-O";
			};
			name = Release;
		};
		3544ED43256F11E60098E192 /* Debug */ = {
			isa = XCBuildConfiguration;
			buildSettings = {
				ASSETCATALOG_COMPILER_APPICON_NAME = AppIcon;
				ASSETCATALOG_COMPILER_GLOBAL_ACCENT_COLOR_NAME = AccentColor;
				CODE_SIGN_ENTITLEMENTS = WorkPadTemplate/WorkPadTemplate.entitlements;
				CODE_SIGN_STYLE = Automatic;
				COMBINE_HIDPI_IMAGES = YES;
				DEVELOPMENT_TEAM = 7LEY3GY7D9;
				ENABLE_HARDENED_RUNTIME = YES;
				INFOPLIST_FILE = WorkPadTemplate/Info.plist;
				LD_RUNPATH_SEARCH_PATHS = (
					"$(inherited)",
					"@executable_path/../Frameworks",
				);
				PRODUCT_BUNDLE_IDENTIFIER = com.jlastofka.WorkPadTemplate;
				PRODUCT_NAME = "$(TARGET_NAME)";
				SWIFT_VERSION = 5.0;
			};
			name = Debug;
		};
		3544ED44256F11E60098E192 /* Release */ = {
			isa = XCBuildConfiguration;
			buildSettings = {
				ASSETCATALOG_COMPILER_APPICON_NAME = AppIcon;
				ASSETCATALOG_COMPILER_GLOBAL_ACCENT_COLOR_NAME = AccentColor;
				CODE_SIGN_ENTITLEMENTS = WorkPadTemplate/WorkPadTemplate.entitlements;
				CODE_SIGN_STYLE = Automatic;
				COMBINE_HIDPI_IMAGES = YES;
				DEVELOPMENT_TEAM = 7LEY3GY7D9;
				ENABLE_HARDENED_RUNTIME = YES;
				INFOPLIST_FILE = WorkPadTemplate/Info.plist;
				LD_RUNPATH_SEARCH_PATHS = (
					"$(inherited)",
					"@executable_path/../Frameworks",
				);
				PRODUCT_BUNDLE_IDENTIFIER = com.jlastofka.WorkPadTemplate;
				PRODUCT_NAME = "$(TARGET_NAME)";
				SWIFT_VERSION = 5.0;
			};
			name = Release;
		};
		3544ED46256F11E60098E192 /* Debug */ = {
			isa = XCBuildConfiguration;
			buildSettings = {
				ALWAYS_EMBED_SWIFT_STANDARD_LIBRARIES = YES;
				BUNDLE_LOADER = "$(TEST_HOST)";
				CODE_SIGN_STYLE = Automatic;
				COMBINE_HIDPI_IMAGES = YES;
				DEVELOPMENT_TEAM = 7LEY3GY7D9;
				INFOPLIST_FILE = WorkPadTemplateTests/Info.plist;
				LD_RUNPATH_SEARCH_PATHS = (
					"$(inherited)",
					"@executable_path/../Frameworks",
					"@loader_path/../Frameworks",
				);
				MACOSX_DEPLOYMENT_TARGET = 11.0;
				PRODUCT_BUNDLE_IDENTIFIER = com.jlastofka.WorkPadTemplateTests;
				PRODUCT_NAME = "$(TARGET_NAME)";
				SWIFT_VERSION = 5.0;
				TEST_HOST = "$(BUILT_PRODUCTS_DIR)/WorkPadTemplate.app/Contents/MacOS/WorkPadTemplate";
			};
			name = Debug;
		};
		3544ED47256F11E60098E192 /* Release */ = {
			isa = XCBuildConfiguration;
			buildSettings = {
				ALWAYS_EMBED_SWIFT_STANDARD_LIBRARIES = YES;
				BUNDLE_LOADER = "$(TEST_HOST)";
				CODE_SIGN_STYLE = Automatic;
				COMBINE_HIDPI_IMAGES = YES;
				DEVELOPMENT_TEAM = 7LEY3GY7D9;
				INFOPLIST_FILE = WorkPadTemplateTests/Info.plist;
				LD_RUNPATH_SEARCH_PATHS = (
					"$(inherited)",
					"@executable_path/../Frameworks",
					"@loader_path/../Frameworks",
				);
				MACOSX_DEPLOYMENT_TARGET = 11.0;
				PRODUCT_BUNDLE_IDENTIFIER = com.jlastofka.WorkPadTemplateTests;
				PRODUCT_NAME = "$(TARGET_NAME)";
				SWIFT_VERSION = 5.0;
				TEST_HOST = "$(BUILT_PRODUCTS_DIR)/WorkPadTemplate.app/Contents/MacOS/WorkPadTemplate";
			};
			name = Release;
		};
		3544ED49256F11E60098E192 /* Debug */ = {
			isa = XCBuildConfiguration;
			buildSettings = {
				ALWAYS_EMBED_SWIFT_STANDARD_LIBRARIES = YES;
				CODE_SIGN_STYLE = Automatic;
				COMBINE_HIDPI_IMAGES = YES;
				DEVELOPMENT_TEAM = 7LEY3GY7D9;
				INFOPLIST_FILE = WorkPadTemplateUITests/Info.plist;
				LD_RUNPATH_SEARCH_PATHS = (
					"$(inherited)",
					"@executable_path/../Frameworks",
					"@loader_path/../Frameworks",
				);
				PRODUCT_BUNDLE_IDENTIFIER = com.jlastofka.WorkPadTemplateUITests;
				PRODUCT_NAME = "$(TARGET_NAME)";
				SWIFT_VERSION = 5.0;
				TEST_TARGET_NAME = WorkPadTemplate;
			};
			name = Debug;
		};
		3544ED4A256F11E60098E192 /* Release */ = {
			isa = XCBuildConfiguration;
			buildSettings = {
				ALWAYS_EMBED_SWIFT_STANDARD_LIBRARIES = YES;
				CODE_SIGN_STYLE = Automatic;
				COMBINE_HIDPI_IMAGES = YES;
				DEVELOPMENT_TEAM = 7LEY3GY7D9;
				INFOPLIST_FILE = WorkPadTemplateUITests/Info.plist;
				LD_RUNPATH_SEARCH_PATHS = (
					"$(inherited)",
					"@executable_path/../Frameworks",
					"@loader_path/../Frameworks",
				);
				PRODUCT_BUNDLE_IDENTIFIER = com.jlastofka.WorkPadTemplateUITests;
				PRODUCT_NAME = "$(TARGET_NAME)";
				SWIFT_VERSION = 5.0;
				TEST_TARGET_NAME = WorkPadTemplate;
			};
			name = Release;
		};
/* End XCBuildConfiguration section */

/* Begin XCConfigurationList section */
		3544ED17256F11E20098E192 /* Build configuration list for PBXProject "WorkPadTemplate" */ = {
			isa = XCConfigurationList;
			buildConfigurations = (
				3544ED40256F11E60098E192 /* Debug */,
				3544ED41256F11E60098E192 /* Release */,
			);
			defaultConfigurationIsVisible = 0;
			defaultConfigurationName = Release;
		};
		3544ED42256F11E60098E192 /* Build configuration list for PBXNativeTarget "WorkPadTemplate" */ = {
			isa = XCConfigurationList;
			buildConfigurations = (
				3544ED43256F11E60098E192 /* Debug */,
				3544ED44256F11E60098E192 /* Release */,
			);
			defaultConfigurationIsVisible = 0;
			defaultConfigurationName = Release;
		};
		3544ED45256F11E60098E192 /* Build configuration list for PBXNativeTarget "WorkPadTemplateTests" */ = {
			isa = XCConfigurationList;
			buildConfigurations = (
				3544ED46256F11E60098E192 /* Debug */,
				3544ED47256F11E60098E192 /* Release */,
			);
			defaultConfigurationIsVisible = 0;
			defaultConfigurationName = Release;
		};
		3544ED48256F11E60098E192 /* Build configuration list for PBXNativeTarget "WorkPadTemplateUITests" */ = {
			isa = XCConfigurationList;
			buildConfigurations = (
				3544ED49256F11E60098E192 /* Debug */,
				3544ED4A256F11E60098E192 /* Release */,
			);
			defaultConfigurationIsVisible = 0;
			defaultConfigurationName = Release;
		};
/* End XCConfigurationList section */
	};
	rootObject = 3544ED14256F11E20098E192 /* Project object */;
}
